
Microsoft Visual Studio Solution File, Format Version 12.00
# Visual Studio Version 17
VisualStudioVersion = 17.1.32319.34
MinimumVisualStudioVersion = 10.0.40219.1
Project("{FAE04EC0-301F-11D3-BF4B-00C04F79EFBC}") = "Karekök bulma", "Karekök bulma\Karekök bulma.csproj", "{94A0156E-0508-4261-AC76-6D8CF6F95CF3}"
EndProject
Global
	GlobalSection(SolutionConfigurationPlatforms) = preSolution
		Debug|Any CPU = Debug|Any CPU
		Release|Any CPU = Release|Any CPU
	EndGlobalSection
	GlobalSection(ProjectConfigurationPlatforms) = postSolution
		{94A0156E-0508-4261-AC76-6D8CF6F95CF3}.Debug|Any CPU.ActiveCfg = Debug|Any CPU
		{94A0156E-0508-4261-AC76-6D8CF6F95CF3}.Debug|Any CPU.Build.0 = Debug|Any CPU
		{94A0156E-0508-4261-AC76-6D8CF6F95CF3}.Release|Any CPU.ActiveCfg = Release|Any CPU
		{94A0156E-0508-4261-AC76-6D8CF6F95CF3}.Release|Any CPU.Build.0 = Release|Any CPU
	EndGlobalSection
	GlobalSection(SolutionProperties) = preSolution
		HideSolutionNode = FALSE
	EndGlobalSection
	GlobalSection(ExtensibilityGlobals) = postSolution
		SolutionGuid = {7A8A039F-07F7-4757-B4B5-6798038359E7}
	EndGlobalSection
EndGlobal
