
Microsoft Visual Studio Solution File, Format Version 12.00
# Visual Studio Version 17
VisualStudioVersion = 17.1.32319.34
MinimumVisualStudioVersion = 10.0.40219.1
Project("{FAE04EC0-301F-11D3-BF4B-00C04F79EFBC}") = "Daire Alanı Hesaplama", "Daire Alanı Hesaplama\Daire Alanı Hesaplama.csproj", "{B2453FEE-4043-49DB-9B68-3EE082A87991}"
EndProject
Global
	GlobalSection(SolutionConfigurationPlatforms) = preSolution
		Debug|Any CPU = Debug|Any CPU
		Release|Any CPU = Release|Any CPU
	EndGlobalSection
	GlobalSection(ProjectConfigurationPlatforms) = postSolution
		{B2453FEE-4043-49DB-9B68-3EE082A87991}.Debug|Any CPU.ActiveCfg = Debug|Any CPU
		{B2453FEE-4043-49DB-9B68-3EE082A87991}.Debug|Any CPU.Build.0 = Debug|Any CPU
		{B2453FEE-4043-49DB-9B68-3EE082A87991}.Release|Any CPU.ActiveCfg = Release|Any CPU
		{B2453FEE-4043-49DB-9B68-3EE082A87991}.Release|Any CPU.Build.0 = Release|Any CPU
	EndGlobalSection
	GlobalSection(SolutionProperties) = preSolution
		HideSolutionNode = FALSE
	EndGlobalSection
	GlobalSection(ExtensibilityGlobals) = postSolution
		SolutionGuid = {D16E5951-4FBE-40F2-98DE-EBC3BE3C665E}
	EndGlobalSection
EndGlobal
