
Microsoft Visual Studio Solution File, Format Version 12.00
# Visual Studio Version 17
VisualStudioVersion = 17.1.32319.34
MinimumVisualStudioVersion = 10.0.40219.1
Project("{FAE04EC0-301F-11D3-BF4B-00C04F79EFBC}") = "Pow", "Pow\Pow.csproj", "{580E5A73-6A2A-4504-B409-841EB100AD94}"
EndProject
Global
	GlobalSection(SolutionConfigurationPlatforms) = preSolution
		Debug|Any CPU = Debug|Any CPU
		Release|Any CPU = Release|Any CPU
	EndGlobalSection
	GlobalSection(ProjectConfigurationPlatforms) = postSolution
		{580E5A73-6A2A-4504-B409-841EB100AD94}.Debug|Any CPU.ActiveCfg = Debug|Any CPU
		{580E5A73-6A2A-4504-B409-841EB100AD94}.Debug|Any CPU.Build.0 = Debug|Any CPU
		{580E5A73-6A2A-4504-B409-841EB100AD94}.Release|Any CPU.ActiveCfg = Release|Any CPU
		{580E5A73-6A2A-4504-B409-841EB100AD94}.Release|Any CPU.Build.0 = Release|Any CPU
	EndGlobalSection
	GlobalSection(SolutionProperties) = preSolution
		HideSolutionNode = FALSE
	EndGlobalSection
	GlobalSection(ExtensibilityGlobals) = postSolution
		SolutionGuid = {C64F3F78-BAB5-4BC1-B3C0-6CE2ACFE8B21}
	EndGlobalSection
EndGlobal
