
Microsoft Visual Studio Solution File, Format Version 12.00
# Visual Studio Version 17
VisualStudioVersion = 17.1.32319.34
MinimumVisualStudioVersion = 10.0.40219.1
Project("{FAE04EC0-301F-11D3-BF4B-00C04F79EFBC}") = "Ortalama Hesaplama", "Ortalama Hesaplama\Ortalama Hesaplama.csproj", "{72158B7A-B138-4E5C-B872-80868755B6D3}"
EndProject
Global
	GlobalSection(SolutionConfigurationPlatforms) = preSolution
		Debug|Any CPU = Debug|Any CPU
		Release|Any CPU = Release|Any CPU
	EndGlobalSection
	GlobalSection(ProjectConfigurationPlatforms) = postSolution
		{72158B7A-B138-4E5C-B872-80868755B6D3}.Debug|Any CPU.ActiveCfg = Debug|Any CPU
		{72158B7A-B138-4E5C-B872-80868755B6D3}.Debug|Any CPU.Build.0 = Debug|Any CPU
		{72158B7A-B138-4E5C-B872-80868755B6D3}.Release|Any CPU.ActiveCfg = Release|Any CPU
		{72158B7A-B138-4E5C-B872-80868755B6D3}.Release|Any CPU.Build.0 = Release|Any CPU
	EndGlobalSection
	GlobalSection(SolutionProperties) = preSolution
		HideSolutionNode = FALSE
	EndGlobalSection
	GlobalSection(ExtensibilityGlobals) = postSolution
		SolutionGuid = {6F7DB201-4539-41AC-910A-CEBD7762544B}
	EndGlobalSection
EndGlobal
